
Microsoft Visual Studio Solution File, Format Version 12.00
# Visual Studio Version 17
VisualStudioVersion = 17.4.33403.182
MinimumVisualStudioVersion = 10.0.40219.1
Project("{FAE04EC0-301F-11D3-BF4B-00C04F79EFBC}") = "tpmodul5_1302210090", "tpmodul5_1302210090\tpmodul5_1302210090.csproj", "{3CC8EBDD-235D-4C81-862C-537B7AD8D933}"
EndProject
Global
	GlobalSection(SolutionConfigurationPlatforms) = preSolution
		Debug|Any CPU = Debug|Any CPU
		Release|Any CPU = Release|Any CPU
	EndGlobalSection
	GlobalSection(ProjectConfigurationPlatforms) = postSolution
		{3CC8EBDD-235D-4C81-862C-537B7AD8D933}.Debug|Any CPU.ActiveCfg = Debug|Any CPU
		{3CC8EBDD-235D-4C81-862C-537B7AD8D933}.Debug|Any CPU.Build.0 = Debug|Any CPU
		{3CC8EBDD-235D-4C81-862C-537B7AD8D933}.Release|Any CPU.ActiveCfg = Release|Any CPU
		{3CC8EBDD-235D-4C81-862C-537B7AD8D933}.Release|Any CPU.Build.0 = Release|Any CPU
	EndGlobalSection
	GlobalSection(SolutionProperties) = preSolution
		HideSolutionNode = FALSE
	EndGlobalSection
	GlobalSection(ExtensibilityGlobals) = postSolution
		SolutionGuid = {2E696946-2EB0-4ADE-8666-1434877A3800}
	EndGlobalSection
EndGlobal
